
Microsoft Visual Studio Solution File, Format Version 12.00
# Visual Studio 15
VisualStudioVersion = 15.0.28307.2092
MinimumVisualStudioVersion = 10.0.40219.1
Project("{8BC9CEB8-8B4A-11D0-8D11-00A0C91BC942}") = "2_32", "2_32\2_32.vcxproj", "{D5FDBCC7-4115-40CC-82A9-B9A593B2C189}"
EndProject
Global
	GlobalSection(SolutionConfigurationPlatforms) = preSolution
		Debug|x64 = Debug|x64
		Debug|x86 = Debug|x86
		Release|x64 = Release|x64
		Release|x86 = Release|x86
	EndGlobalSection
	GlobalSection(ProjectConfigurationPlatforms) = postSolution
		{D5FDBCC7-4115-40CC-82A9-B9A593B2C189}.Debug|x64.ActiveCfg = Debug|x64
		{D5FDBCC7-4115-40CC-82A9-B9A593B2C189}.Debug|x64.Build.0 = Debug|x64
		{D5FDBCC7-4115-40CC-82A9-B9A593B2C189}.Debug|x86.ActiveCfg = Debug|x64
		{D5FDBCC7-4115-40CC-82A9-B9A593B2C189}.Debug|x86.Build.0 = Debug|x64
		{D5FDBCC7-4115-40CC-82A9-B9A593B2C189}.Release|x64.ActiveCfg = Release|x64
		{D5FDBCC7-4115-40CC-82A9-B9A593B2C189}.Release|x64.Build.0 = Release|x64
		{D5FDBCC7-4115-40CC-82A9-B9A593B2C189}.Release|x86.ActiveCfg = Release|Win32
		{D5FDBCC7-4115-40CC-82A9-B9A593B2C189}.Release|x86.Build.0 = Release|Win32
	EndGlobalSection
	GlobalSection(SolutionProperties) = preSolution
		HideSolutionNode = FALSE
	EndGlobalSection
	GlobalSection(ExtensibilityGlobals) = postSolution
		SolutionGuid = {8CC72385-144C-41D9-9E47-F0810FAB6E9C}
	EndGlobalSection
EndGlobal
